{
  "name": "sequelize-test",
  "version": "1.0.0",
  "lockfileVersion": 1,
  "requires": true,
  "dependencies": {
    "@types/node": {
      "version": "14.14.31",
      "resolved": "http://222.222.216.74:20000/@types%2fnode/-/node-14.14.31.tgz",
      "integrity": "sha1-cihr0z0TeqDRUtR+x8F2JWPTQFU=",
      "dev": true
    },
    "any-promise": {
      "version": "1.3.0",
      "resolved": "http://222.222.216.74:20000/any-promise/-/any-promise-1.3.0.tgz",
      "integrity": "sha1-q8av7tzqUugJzcA3au0845Y10X8=",
      "dev": true
    },
    "debug": {
      "version": "4.3.1",
      "resolved": "http://222.222.216.74:20000/debug/-/debug-4.3.1.tgz",
      "integrity": "sha1-8NIpxQXgxtjEmsVT0bE9wYP2su4=",
      "dev": true,
      "requires": {
        "ms": "2.1.2"
      }
    },
    "denque": {
      "version": "1.5.0",
      "resolved": "http://222.222.216.74:20000/denque/-/denque-1.5.0.tgz",
      "integrity": "sha1-dz3gaG/y2Owv+SkUMWpHtzscc94=",
      "dev": true
    },
    "dottie": {
      "version": "2.0.2",
      "resolved": "http://222.222.216.74:20000/dottie/-/dottie-2.0.2.tgz",
      "integrity": "sha1-zJHAcmzjoFTr8RxV+8kqfyZt0VQ=",
      "dev": true
    },
    "generate-function": {
      "version": "2.3.1",
      "resolved": "http://222.222.216.74:20000/generate-function/-/generate-function-2.3.1.tgz",
      "integrity": "sha1-8GlhdpDBDIaOc7hGV0Z2T5fDR58=",
      "dev": true,
      "requires": {
        "is-property": "^1.0.2"
      }
    },
    "iconv-lite": {
      "version": "0.6.2",
      "resolved": "http://222.222.216.74:20000/iconv-lite/-/iconv-lite-0.6.2.tgz",
      "integrity": "sha1-zhPRh1sMOmdL1qBLf3awGxtt7QE=",
      "dev": true,
      "requires": {
        "safer-buffer": ">= 2.1.2 < 3.0.0"
      }
    },
    "inflection": {
      "version": "1.12.0",
      "resolved": "http://222.222.216.74:20000/inflection/-/inflection-1.12.0.tgz",
      "integrity": "sha1-ogCTVlbW9fa8TcdQLhrstwMihBY=",
      "dev": true
    },
    "is-property": {
      "version": "1.0.2",
      "resolved": "http://222.222.216.74:20000/is-property/-/is-property-1.0.2.tgz",
      "integrity": "sha1-V/4cTkhHTt1lsJkR8msc1Ald2oQ=",
      "dev": true
    },
    "lodash": {
      "version": "4.17.21",
      "resolved": "http://222.222.216.74:20000/lodash/-/lodash-4.17.21.tgz",
      "integrity": "sha1-Z5WRxWTDv/quhFTPCz3zcMPWkRw=",
      "dev": true
    },
    "long": {
      "version": "4.0.0",
      "resolved": "http://222.222.216.74:20000/long/-/long-4.0.0.tgz",
      "integrity": "sha1-mntxz7fTYaGU6lVSQckvdGjVvyg=",
      "dev": true
    },
    "lru-cache": {
      "version": "6.0.0",
      "resolved": "http://222.222.216.74:20000/lru-cache/-/lru-cache-6.0.0.tgz",
      "integrity": "sha1-bW/mVw69lqr5D8rR2vo7JWbbOpQ=",
      "dev": true,
      "requires": {
        "yallist": "^4.0.0"
      }
    },
    "moment": {
      "version": "2.29.1",
      "resolved": "http://222.222.216.74:20000/moment/-/moment-2.29.1.tgz",
      "integrity": "sha1-sr52n6MZQL6e7qZGnAdeNQBvo9M=",
      "dev": true
    },
    "moment-timezone": {
      "version": "0.5.33",
      "resolved": "http://222.222.216.74:20000/moment-timezone/-/moment-timezone-0.5.33.tgz",
      "integrity": "sha1-slL9a7V/NBybWaWrYajlGnO70iw=",
      "dev": true,
      "requires": {
        "moment": ">= 2.9.0"
      }
    },
    "ms": {
      "version": "2.1.2",
      "resolved": "http://222.222.216.74:20000/ms/-/ms-2.1.2.tgz",
      "integrity": "sha1-0J0fNXtEP0kzgqjrPM0YOHKuYAk=",
      "dev": true
    },
    "mysql2": {
      "version": "2.2.5",
      "resolved": "http://222.222.216.74:20000/mysql2/-/mysql2-2.2.5.tgz",
      "integrity": "sha1-cmJP+0gW+A+Wucl/7djACTX580A=",
      "dev": true,
      "requires": {
        "denque": "^1.4.1",
        "generate-function": "^2.3.1",
        "iconv-lite": "^0.6.2",
        "long": "^4.0.0",
        "lru-cache": "^6.0.0",
        "named-placeholders": "^1.1.2",
        "seq-queue": "^0.0.5",
        "sqlstring": "^2.3.2"
      }
    },
    "named-placeholders": {
      "version": "1.1.2",
      "resolved": "http://222.222.216.74:20000/named-placeholders/-/named-placeholders-1.1.2.tgz",
      "integrity": "sha1-zrH7/1C2szSStc8hTM9eOc7z0Og=",
      "dev": true,
      "requires": {
        "lru-cache": "^4.1.3"
      },
      "dependencies": {
        "lru-cache": {
          "version": "4.1.5",
          "resolved": "http://222.222.216.74:20000/lru-cache/-/lru-cache-4.1.5.tgz",
          "integrity": "sha1-i75Q6oW+1ZvJ4z3KuCNe6bz0Q80=",
          "dev": true,
          "requires": {
            "pseudomap": "^1.0.2",
            "yallist": "^2.1.2"
          }
        },
        "yallist": {
          "version": "2.1.2",
          "resolved": "http://222.222.216.74:20000/yallist/-/yallist-2.1.2.tgz",
          "integrity": "sha1-HBH5IY8HYImkfdUS+TxmmaaoHVI=",
          "dev": true
        }
      }
    },
    "pseudomap": {
      "version": "1.0.2",
      "resolved": "http://222.222.216.74:20000/pseudomap/-/pseudomap-1.0.2.tgz",
      "integrity": "sha1-8FKijacOYYkX7wqKw0wa5aaChrM=",
      "dev": true
    },
    "retry-as-promised": {
      "version": "3.2.0",
      "resolved": "http://222.222.216.74:20000/retry-as-promised/-/retry-as-promised-3.2.0.tgz",
      "integrity": "sha1-dp9j1Ta+xHg1SdsHd8tW2t2dhUM=",
      "dev": true,
      "requires": {
        "any-promise": "^1.3.0"
      }
    },
    "safer-buffer": {
      "version": "2.1.2",
      "resolved": "http://222.222.216.74:20000/safer-buffer/-/safer-buffer-2.1.2.tgz",
      "integrity": "sha1-RPoWGwGHuVSd2Eu5GAL5vYOFzWo=",
      "dev": true
    },
    "semver": {
      "version": "7.3.4",
      "resolved": "http://222.222.216.74:20000/semver/-/semver-7.3.4.tgz",
      "integrity": "sha1-J6qn0uTKdkUvmNOt0JOnLJQ+3Jc=",
      "dev": true,
      "requires": {
        "lru-cache": "^6.0.0"
      }
    },
    "seq-queue": {
      "version": "0.0.5",
      "resolved": "http://222.222.216.74:20000/seq-queue/-/seq-queue-0.0.5.tgz",
      "integrity": "sha1-1WgS4cAXpuTnw+Ojeh2m143TyT4=",
      "dev": true
    },
    "sequelize": {
      "version": "6.5.0",
      "resolved": "http://222.222.216.74:20000/sequelize/-/sequelize-6.5.0.tgz",
      "integrity": "sha1-yWigP2+7zaQHF/c+2zn63ye4XpY=",
      "dev": true,
      "requires": {
        "debug": "^4.1.1",
        "dottie": "^2.0.0",
        "inflection": "1.12.0",
        "lodash": "^4.17.20",
        "moment": "^2.26.0",
        "moment-timezone": "^0.5.31",
        "retry-as-promised": "^3.2.0",
        "semver": "^7.3.2",
        "sequelize-pool": "^6.0.0",
        "toposort-class": "^1.0.1",
        "uuid": "^8.1.0",
        "validator": "^10.11.0",
        "wkx": "^0.5.0"
      }
    },
    "sequelize-pool": {
      "version": "6.1.0",
      "resolved": "http://222.222.216.74:20000/sequelize-pool/-/sequelize-pool-6.1.0.tgz",
      "integrity": "sha1-yqoMHjJNPCw6OZ/tLHmYlwkl1mg=",
      "dev": true
    },
    "sqlstring": {
      "version": "2.3.2",
      "resolved": "http://222.222.216.74:20000/sqlstring/-/sqlstring-2.3.2.tgz",
      "integrity": "sha1-za5xaTiaE3WxjohfLmCz5GCAlRQ=",
      "dev": true
    },
    "toposort-class": {
      "version": "1.0.1",
      "resolved": "http://222.222.216.74:20000/toposort-class/-/toposort-class-1.0.1.tgz",
      "integrity": "sha1-f/0feMi+KMO6Rc1OGj9e4ZO9mYg=",
      "dev": true
    },
    "uuid": {
      "version": "8.3.2",
      "resolved": "http://222.222.216.74:20000/uuid/-/uuid-8.3.2.tgz",
      "integrity": "sha1-gNW1ztJxu5r2xEXyGhoExgbO++I=",
      "dev": true
    },
    "validator": {
      "version": "10.11.0",
      "resolved": "http://222.222.216.74:20000/validator/-/validator-10.11.0.tgz",
      "integrity": "sha1-ADEI6m6amHTTHMyeUAaFbM12sig=",
      "dev": true
    },
    "wkx": {
      "version": "0.5.0",
      "resolved": "http://222.222.216.74:20000/wkx/-/wkx-0.5.0.tgz",
      "integrity": "sha1-xsNwGaz0DlF8xrlGV6JaPUqjPow=",
      "dev": true,
      "requires": {
        "@types/node": "*"
      }
    },
    "yallist": {
      "version": "4.0.0",
      "resolved": "http://222.222.216.74:20000/yallist/-/yallist-4.0.0.tgz",
      "integrity": "sha1-m7knkNnA7/7GO+c1GeEaNQGaOnI=",
      "dev": true
    }
  }
}
